
Microsoft Visual Studio Solution File, Format Version 12.00
# Visual Studio Version 17
VisualStudioVersion = 17.11.35327.3
MinimumVisualStudioVersion = 10.0.40219.1
Project("{9A19103F-16F7-4668-BE54-9A1E7A4F7556}") = "odev1", "odev1\odev1.csproj", "{4D26E4CA-EC20-41E8-9DF8-E6F513FF4F93}"
EndProject
Project("{FAE04EC0-301F-11D3-BF4B-00C04F79EFBC}") = "odev2", "odev2\odev2.csproj", "{D4CEDF2D-0684-4178-A565-4326ECB22950}"
EndProject
Project("{FAE04EC0-301F-11D3-BF4B-00C04F79EFBC}") = "odev3", "odev3\odev3.csproj", "{68EE3F24-7E08-4092-A948-CC184DCD3A9D}"
EndProject
Global
	GlobalSection(SolutionConfigurationPlatforms) = preSolution
		Debug|Any CPU = Debug|Any CPU
		Release|Any CPU = Release|Any CPU
	EndGlobalSection
	GlobalSection(ProjectConfigurationPlatforms) = postSolution
		{4D26E4CA-EC20-41E8-9DF8-E6F513FF4F93}.Debug|Any CPU.ActiveCfg = Debug|Any CPU
		{4D26E4CA-EC20-41E8-9DF8-E6F513FF4F93}.Debug|Any CPU.Build.0 = Debug|Any CPU
		{4D26E4CA-EC20-41E8-9DF8-E6F513FF4F93}.Release|Any CPU.ActiveCfg = Release|Any CPU
		{4D26E4CA-EC20-41E8-9DF8-E6F513FF4F93}.Release|Any CPU.Build.0 = Release|Any CPU
		{D4CEDF2D-0684-4178-A565-4326ECB22950}.Debug|Any CPU.ActiveCfg = Debug|Any CPU
		{D4CEDF2D-0684-4178-A565-4326ECB22950}.Debug|Any CPU.Build.0 = Debug|Any CPU
		{D4CEDF2D-0684-4178-A565-4326ECB22950}.Release|Any CPU.ActiveCfg = Release|Any CPU
		{D4CEDF2D-0684-4178-A565-4326ECB22950}.Release|Any CPU.Build.0 = Release|Any CPU
		{68EE3F24-7E08-4092-A948-CC184DCD3A9D}.Debug|Any CPU.ActiveCfg = Debug|Any CPU
		{68EE3F24-7E08-4092-A948-CC184DCD3A9D}.Debug|Any CPU.Build.0 = Debug|Any CPU
		{68EE3F24-7E08-4092-A948-CC184DCD3A9D}.Release|Any CPU.ActiveCfg = Release|Any CPU
		{68EE3F24-7E08-4092-A948-CC184DCD3A9D}.Release|Any CPU.Build.0 = Release|Any CPU
	EndGlobalSection
	GlobalSection(SolutionProperties) = preSolution
		HideSolutionNode = FALSE
	EndGlobalSection
	GlobalSection(ExtensibilityGlobals) = postSolution
		SolutionGuid = {E117ADFD-3B4E-47A3-A071-E2B3D327BB44}
	EndGlobalSection
EndGlobal
